
Microsoft Visual Studio Solution File, Format Version 12.00
# Visual Studio Version 16
VisualStudioVersion = 16.0.31205.134
MinimumVisualStudioVersion = 10.0.40219.1
Project("{2150E333-8FDC-42A3-9474-1A3956D46DE8}") = "Services", "Services", "{F80F87BA-031B-4516-BFF8-A6C2428F3418}"
EndProject
Project("{2150E333-8FDC-42A3-9474-1A3956D46DE8}") = "Catalog", "Catalog", "{8921D85F-7D25-43D5-BAF7-2FEB248FE198}"
EndProject
Project("{FAE04EC0-301F-11D3-BF4B-00C04F79EFBC}") = "Catalog.API", "Services\Catalog\Catalog.API\Catalog.API.csproj", "{31B09897-4193-4D73-85FF-80ECC8FB437F}"
EndProject
Global
	GlobalSection(SolutionConfigurationPlatforms) = preSolution
		Debug|Any CPU = Debug|Any CPU
		Release|Any CPU = Release|Any CPU
	EndGlobalSection
	GlobalSection(ProjectConfigurationPlatforms) = postSolution
		{31B09897-4193-4D73-85FF-80ECC8FB437F}.Debug|Any CPU.ActiveCfg = Debug|Any CPU
		{31B09897-4193-4D73-85FF-80ECC8FB437F}.Debug|Any CPU.Build.0 = Debug|Any CPU
		{31B09897-4193-4D73-85FF-80ECC8FB437F}.Release|Any CPU.ActiveCfg = Release|Any CPU
		{31B09897-4193-4D73-85FF-80ECC8FB437F}.Release|Any CPU.Build.0 = Release|Any CPU
	EndGlobalSection
	GlobalSection(SolutionProperties) = preSolution
		HideSolutionNode = FALSE
	EndGlobalSection
	GlobalSection(NestedProjects) = preSolution
		{8921D85F-7D25-43D5-BAF7-2FEB248FE198} = {F80F87BA-031B-4516-BFF8-A6C2428F3418}
		{31B09897-4193-4D73-85FF-80ECC8FB437F} = {8921D85F-7D25-43D5-BAF7-2FEB248FE198}
	EndGlobalSection
	GlobalSection(ExtensibilityGlobals) = postSolution
		SolutionGuid = {04522A6E-E644-4E47-A528-08047816F4A9}
	EndGlobalSection
EndGlobal
